{
  "name": "demo",
  "version": "1.0.0",
  "lockfileVersion": 3,
  "requires": true,
  "packages": {
    "": {
      "name": "demo",
      "version": "1.0.0",
      "license": "ISC",
      "dependencies": {
        "@mando/realtime-grid-client": "file:../client"
      }
    },
    "../client": {
      "name": "@mando/realtime-grid-client",
      "version": "0.1.0",
      "license": "MIT",
      "devDependencies": {
        "@types/node": "^22.0.0",
        "typescript": "^5.0.0"
      }
    },
    "node_modules/@mando/realtime-grid-client": {
      "resolved": "../client",
      "link": true
    }
  }
}
